
Microsoft Visual Studio Solution File, Format Version 12.00
# Visual Studio Version 16
VisualStudioVersion = 16.0.31321.278
MinimumVisualStudioVersion = 10.0.40219.1
Project("{FAE04EC0-301F-11D3-BF4B-00C04F79EFBC}") = "WenKaiTsai.HotelManagementSystem.HotelManagementSystemMVC", "HotelManagementSystemMVC\WenKaiTsai.HotelManagementSystem.HotelManagementSystemMVC.csproj", "{B1A0EBB7-8210-4194-A374-B9BDD609EB36}"
EndProject
Project("{FAE04EC0-301F-11D3-BF4B-00C04F79EFBC}") = "WenKaiTsai.HotelManagementSystem.ApplicationCore", "WenKaiTsai.HotelManagementSystem.ApplicationCore\WenKaiTsai.HotelManagementSystem.ApplicationCore.csproj", "{3913D39C-C2B8-43ED-A3D9-1E3B1C62FEFF}"
EndProject
Project("{FAE04EC0-301F-11D3-BF4B-00C04F79EFBC}") = "WenKaiTsai.HotelManagementSystem.Infrastructure", "WenKaiTsai.HotelManagementSystem.Infrastructure\WenKaiTsai.HotelManagementSystem.Infrastructure.csproj", "{11FCDDBE-644D-4C93-A0C4-05DA1FC16EA0}"
EndProject
Project("{FAE04EC0-301F-11D3-BF4B-00C04F79EFBC}") = "WenKaiTsai.HotelManagementSystem.HotelManagementSystemAPI", "WenKaiTsai.HotelManagementSystem.HotelManagementSystemAPI\WenKaiTsai.HotelManagementSystem.HotelManagementSystemAPI.csproj", "{97A0A3E3-42CD-4672-A15A-2DE1A832FF3D}"
EndProject
Global
	GlobalSection(SolutionConfigurationPlatforms) = preSolution
		Debug|Any CPU = Debug|Any CPU
		Release|Any CPU = Release|Any CPU
	EndGlobalSection
	GlobalSection(ProjectConfigurationPlatforms) = postSolution
		{B1A0EBB7-8210-4194-A374-B9BDD609EB36}.Debug|Any CPU.ActiveCfg = Debug|Any CPU
		{B1A0EBB7-8210-4194-A374-B9BDD609EB36}.Debug|Any CPU.Build.0 = Debug|Any CPU
		{B1A0EBB7-8210-4194-A374-B9BDD609EB36}.Release|Any CPU.ActiveCfg = Release|Any CPU
		{B1A0EBB7-8210-4194-A374-B9BDD609EB36}.Release|Any CPU.Build.0 = Release|Any CPU
		{3913D39C-C2B8-43ED-A3D9-1E3B1C62FEFF}.Debug|Any CPU.ActiveCfg = Debug|Any CPU
		{3913D39C-C2B8-43ED-A3D9-1E3B1C62FEFF}.Debug|Any CPU.Build.0 = Debug|Any CPU
		{3913D39C-C2B8-43ED-A3D9-1E3B1C62FEFF}.Release|Any CPU.ActiveCfg = Release|Any CPU
		{3913D39C-C2B8-43ED-A3D9-1E3B1C62FEFF}.Release|Any CPU.Build.0 = Release|Any CPU
		{11FCDDBE-644D-4C93-A0C4-05DA1FC16EA0}.Debug|Any CPU.ActiveCfg = Debug|Any CPU
		{11FCDDBE-644D-4C93-A0C4-05DA1FC16EA0}.Debug|Any CPU.Build.0 = Debug|Any CPU
		{11FCDDBE-644D-4C93-A0C4-05DA1FC16EA0}.Release|Any CPU.ActiveCfg = Release|Any CPU
		{11FCDDBE-644D-4C93-A0C4-05DA1FC16EA0}.Release|Any CPU.Build.0 = Release|Any CPU
		{97A0A3E3-42CD-4672-A15A-2DE1A832FF3D}.Debug|Any CPU.ActiveCfg = Debug|Any CPU
		{97A0A3E3-42CD-4672-A15A-2DE1A832FF3D}.Debug|Any CPU.Build.0 = Debug|Any CPU
		{97A0A3E3-42CD-4672-A15A-2DE1A832FF3D}.Release|Any CPU.ActiveCfg = Release|Any CPU
		{97A0A3E3-42CD-4672-A15A-2DE1A832FF3D}.Release|Any CPU.Build.0 = Release|Any CPU
	EndGlobalSection
	GlobalSection(SolutionProperties) = preSolution
		HideSolutionNode = FALSE
	EndGlobalSection
	GlobalSection(ExtensibilityGlobals) = postSolution
		SolutionGuid = {8328A1D9-FE27-4AE5-AA17-499D8DBE088B}
	EndGlobalSection
EndGlobal
